# THIS IS AN AUTOGENERATED FILE. DO NOT EDIT THIS FILE DIRECTLY.
# yarn lockfile v1


os-homedir@^1.0.0:
  version "1.0.2"
  resolved "https://registry.yarnpkg.com/os-homedir/-/os-homedir-1.0.2.tgz#ffbc4988336e0e833de0c168c7ef152121aa7fb3"

signal-exit@^3.0.2:
  version "3.0.2"
  resolved "https://registry.yarnpkg.com/signal-exit/-/signal-exit-3.0.2.tgz#b5fdc08f1287ea1178628e415e25132b73646c6d"

tildify@^1.2.0:
  version "1.2.0"
  resolved "https://registry.yarnpkg.com/tildify/-/tildify-1.2.0.tgz#dcec03f55dca9b7aa3e5b04f21817eb56e63588a"
  dependencies:
    os-homedir "^1.0.0"
